{
  "originHash" : "462e8f906a32d3181c55e736c2f4f03fd7ff3a72d84a717f440dfc1ec4395860",
  "pins" : [
    {
      "identity" : "fluidaudio",
      "kind" : "remoteSourceControl",
      "location" : "https://github.com/FluidInference/FluidAudio.git",
      "state" : {
        "revision" : "859668e00aacbc49a4a60fce192a271144f9e322"
      }
    }
  ],
  "version" : 3
}
